
Microsoft Visual Studio Solution File, Format Version 12.00
# Visual Studio Version 17
VisualStudioVersion = 17.3.32901.215
MinimumVisualStudioVersion = 10.0.40219.1
Project("{FAE04EC0-301F-11D3-BF4B-00C04F79EFBC}") = "csharp-cibi-preferiti", "csharp-cibi-preferiti.csproj", "{F7F76E07-1320-43BE-99C8-94BEB7B409BA}"
EndProject
Global
	GlobalSection(SolutionConfigurationPlatforms) = preSolution
		Debug|Any CPU = Debug|Any CPU
		Release|Any CPU = Release|Any CPU
	EndGlobalSection
	GlobalSection(ProjectConfigurationPlatforms) = postSolution
		{F7F76E07-1320-43BE-99C8-94BEB7B409BA}.Debug|Any CPU.ActiveCfg = Debug|Any CPU
		{F7F76E07-1320-43BE-99C8-94BEB7B409BA}.Debug|Any CPU.Build.0 = Debug|Any CPU
		{F7F76E07-1320-43BE-99C8-94BEB7B409BA}.Release|Any CPU.ActiveCfg = Release|Any CPU
		{F7F76E07-1320-43BE-99C8-94BEB7B409BA}.Release|Any CPU.Build.0 = Release|Any CPU
	EndGlobalSection
	GlobalSection(SolutionProperties) = preSolution
		HideSolutionNode = FALSE
	EndGlobalSection
	GlobalSection(ExtensibilityGlobals) = postSolution
		SolutionGuid = {61FDA79E-3711-4ED6-AA65-F6E13720D386}
	EndGlobalSection
EndGlobal
